// !$*UTF8*$!
{
	archiveVersion = 1;
	classes = {
	};
	objectVersion = 56;
	objects = {

/* Begin PBXBuildFile section */
		B733EC4B2A0ED7CE005B00D1 /* BaseViewController.swift in Sources */ = {isa = PBXBuildFile; fileRef = B733EC4A2A0ED7CE005B00D1 /* BaseViewController.swift */; };
		B7B88CC42A0EDAF100372CD8 /* UserProfileController.swift in Sources */ = {isa = PBXBuildFile; fileRef = B7B88CC32A0EDAF100372CD8 /* UserProfileController.swift */; };
		B7B88CC72A0EDB5F00372CD8 /* UserProfileView.swift in Sources */ = {isa = PBXBuildFile; fileRef = B7B88CC62A0EDB5F00372CD8 /* UserProfileView.swift */; };
		B7B88CCA2A0EDB9600372CD8 /* UserProfileViewModel.swift in Sources */ = {isa = PBXBuildFile; fileRef = B7B88CC92A0EDB9600372CD8 /* UserProfileViewModel.swift */; };
		B7B88CCC2A0EDBD900372CD8 /* UserProfileView.xib in Resources */ = {isa = PBXBuildFile; fileRef = B7B88CCB2A0EDBD900372CD8 /* UserProfileView.xib */; };
		B7B88CCF2A0EF07E00372CD8 /* UserProfileModel.swift in Sources */ = {isa = PBXBuildFile; fileRef = B7B88CCE2A0EF07E00372CD8 /* UserProfileModel.swift */; };
		B7B88CD22A0F0A2800372CD8 /* UIViewExtension.swift in Sources */ = {isa = PBXBuildFile; fileRef = B7B88CD12A0F0A2800372CD8 /* UIViewExtension.swift */; };
		B7B88CD62A0F16C700372CD8 /* ReposListController.swift in Sources */ = {isa = PBXBuildFile; fileRef = B7B88CD52A0F16C700372CD8 /* ReposListController.swift */; };
		B7B88CDB2A0F187900372CD8 /* ReposListView.swift in Sources */ = {isa = PBXBuildFile; fileRef = B7B88CDA2A0F187900372CD8 /* ReposListView.swift */; };
		B7B88CDD2A0F188E00372CD8 /* ReposListViewModel.swift in Sources */ = {isa = PBXBuildFile; fileRef = B7B88CDC2A0F188E00372CD8 /* ReposListViewModel.swift */; };
		B7B88CDF2A0F198A00372CD8 /* ReposListView.xib in Resources */ = {isa = PBXBuildFile; fileRef = B7B88CDE2A0F198A00372CD8 /* ReposListView.xib */; };
		B7B88CE12A0F1CEC00372CD8 /* RepositoryResponse.swift in Sources */ = {isa = PBXBuildFile; fileRef = B7B88CE02A0F1CEC00372CD8 /* RepositoryResponse.swift */; };
		B7B88CE42A0F29FA00372CD8 /* ReposListTableViewCell.swift in Sources */ = {isa = PBXBuildFile; fileRef = B7B88CE22A0F29FA00372CD8 /* ReposListTableViewCell.swift */; };
		B7B88CE52A0F29FA00372CD8 /* ReposListTableViewCell.xib in Resources */ = {isa = PBXBuildFile; fileRef = B7B88CE32A0F29FA00372CD8 /* ReposListTableViewCell.xib */; };
		B7B88CE72A0FBB2E00372CD8 /* SearchUserResponse.swift in Sources */ = {isa = PBXBuildFile; fileRef = B7B88CE62A0FBB2E00372CD8 /* SearchUserResponse.swift */; };
		B7B88CED2A1002B800372CD8 /* ControllerLifeCicleDelegate.swift in Sources */ = {isa = PBXBuildFile; fileRef = B7B88CEC2A1002B800372CD8 /* ControllerLifeCicleDelegate.swift */; };
		B7C45D0A2A0D85C700538DC9 /* AppDelegate.swift in Sources */ = {isa = PBXBuildFile; fileRef = B7C45D092A0D85C700538DC9 /* AppDelegate.swift */; };
		B7C45D0C2A0D85C700538DC9 /* SceneDelegate.swift in Sources */ = {isa = PBXBuildFile; fileRef = B7C45D0B2A0D85C700538DC9 /* SceneDelegate.swift */; };
		B7C45D0E2A0D85C700538DC9 /* UserListController.swift in Sources */ = {isa = PBXBuildFile; fileRef = B7C45D0D2A0D85C700538DC9 /* UserListController.swift */; };
		B7C45D132A0D85C900538DC9 /* Assets.xcassets in Resources */ = {isa = PBXBuildFile; fileRef = B7C45D122A0D85C900538DC9 /* Assets.xcassets */; };
		B7C45D162A0D85C900538DC9 /* LaunchScreen.storyboard in Resources */ = {isa = PBXBuildFile; fileRef = B7C45D142A0D85C900538DC9 /* LaunchScreen.storyboard */; };
		B7C45D3B2A0D8B6100538DC9 /* Coordinator.swift in Sources */ = {isa = PBXBuildFile; fileRef = B7C45D3A2A0D8B6100538DC9 /* Coordinator.swift */; };
		B7C45D3D2A0D8BA200538DC9 /* HomeCoordinator.swift in Sources */ = {isa = PBXBuildFile; fileRef = B7C45D3C2A0D8BA200538DC9 /* HomeCoordinator.swift */; };
		B7EEDCA62A0D91BE003816A8 /* Network.swift in Sources */ = {isa = PBXBuildFile; fileRef = B7EEDCA52A0D91BE003816A8 /* Network.swift */; };
		B7EEDCA92A0D981E003816A8 /* UserResponse.swift in Sources */ = {isa = PBXBuildFile; fileRef = B7EEDCA82A0D981E003816A8 /* UserResponse.swift */; };
		B7EEDCAC2A0DAC35003816A8 /* HomeRepository.swift in Sources */ = {isa = PBXBuildFile; fileRef = B7EEDCAB2A0DAC35003816A8 /* HomeRepository.swift */; };
		B7EEDCB22A0DB68F003816A8 /* UserListView.swift in Sources */ = {isa = PBXBuildFile; fileRef = B7EEDCB12A0DB68F003816A8 /* UserListView.swift */; };
		B7EEDCB42A0DB6A5003816A8 /* UserListView.xib in Resources */ = {isa = PBXBuildFile; fileRef = B7EEDCB32A0DB6A5003816A8 /* UserListView.xib */; };
		B7EEDCB72A0DBCEF003816A8 /* UserListTableViewCell.swift in Sources */ = {isa = PBXBuildFile; fileRef = B7EEDCB52A0DBCEF003816A8 /* UserListTableViewCell.swift */; };
		B7EEDCB82A0DBCEF003816A8 /* UserListTableViewCell.xib in Resources */ = {isa = PBXBuildFile; fileRef = B7EEDCB62A0DBCEF003816A8 /* UserListTableViewCell.xib */; };
		B7EEDCBA2A0DC57F003816A8 /* UserListCellModel.swift in Sources */ = {isa = PBXBuildFile; fileRef = B7EEDCB92A0DC57F003816A8 /* UserListCellModel.swift */; };
		B7EEDCBF2A0E6986003816A8 /* UserListViewModel.swift in Sources */ = {isa = PBXBuildFile; fileRef = B7EEDCBE2A0E6986003816A8 /* UserListViewModel.swift */; };
		B7EEDCC12A0E6F79003816A8 /* UserDetailResponse.swift in Sources */ = {isa = PBXBuildFile; fileRef = B7EEDCC02A0E6F79003816A8 /* UserDetailResponse.swift */; };
		B7F7349B2A1070340026B3D9 /* UserResponseTests.swift in Sources */ = {isa = PBXBuildFile; fileRef = B7F7349A2A1070340026B3D9 /* UserResponseTests.swift */; };
		B7F7349D2A1070540026B3D9 /* UserDetailResponseTests.swift in Sources */ = {isa = PBXBuildFile; fileRef = B7F7349C2A1070540026B3D9 /* UserDetailResponseTests.swift */; };
		B7F7349F2A1070D80026B3D9 /* RepositoryResponseTests.swift in Sources */ = {isa = PBXBuildFile; fileRef = B7F7349E2A1070D80026B3D9 /* RepositoryResponseTests.swift */; };
		B7F734A12A10730F0026B3D9 /* SearchUserResponseTests.swift in Sources */ = {isa = PBXBuildFile; fileRef = B7F734A02A10730F0026B3D9 /* SearchUserResponseTests.swift */; };
		B7F734A42A1075B40026B3D9 /* UserListCellModelTests.swift in Sources */ = {isa = PBXBuildFile; fileRef = B7F734A32A1075B40026B3D9 /* UserListCellModelTests.swift */; };
		B7F734A62A10789B0026B3D9 /* UserProfileModelTests.swift in Sources */ = {isa = PBXBuildFile; fileRef = B7F734A52A10789B0026B3D9 /* UserProfileModelTests.swift */; };
		B7FF76912A10144B00B20257 /* ActivityIndicatorView.swift in Sources */ = {isa = PBXBuildFile; fileRef = B7FF76902A10144B00B20257 /* ActivityIndicatorView.swift */; };
		B7FF76932A10145700B20257 /* ActivityIndicatorView.xib in Resources */ = {isa = PBXBuildFile; fileRef = B7FF76922A10145700B20257 /* ActivityIndicatorView.xib */; };
/* End PBXBuildFile section */

/* Begin PBXContainerItemProxy section */
		B7C45D1D2A0D85CA00538DC9 /* PBXContainerItemProxy */ = {
			isa = PBXContainerItemProxy;
			containerPortal = B7C45CFE2A0D85C700538DC9 /* Project object */;
			proxyType = 1;
			remoteGlobalIDString = B7C45D052A0D85C700538DC9;
			remoteInfo = CarrefourTest;
		};
/* End PBXContainerItemProxy section */

/* Begin PBXFileReference section */
		B733EC4A2A0ED7CE005B00D1 /* BaseViewController.swift */ = {isa = PBXFileReference; lastKnownFileType = sourcecode.swift; path = BaseViewController.swift; sourceTree = "<group>"; };
		B7B88CC32A0EDAF100372CD8 /* UserProfileController.swift */ = {isa = PBXFileReference; lastKnownFileType = sourcecode.swift; path = UserProfileController.swift; sourceTree = "<group>"; };
		B7B88CC62A0EDB5F00372CD8 /* UserProfileView.swift */ = {isa = PBXFileReference; lastKnownFileType = sourcecode.swift; path = UserProfileView.swift; sourceTree = "<group>"; };
		B7B88CC92A0EDB9600372CD8 /* UserProfileViewModel.swift */ = {isa = PBXFileReference; lastKnownFileType = sourcecode.swift; path = UserProfileViewModel.swift; sourceTree = "<group>"; };
		B7B88CCB2A0EDBD900372CD8 /* UserProfileView.xib */ = {isa = PBXFileReference; lastKnownFileType = file.xib; path = UserProfileView.xib; sourceTree = "<group>"; };
		B7B88CCE2A0EF07E00372CD8 /* UserProfileModel.swift */ = {isa = PBXFileReference; lastKnownFileType = sourcecode.swift; path = UserProfileModel.swift; sourceTree = "<group>"; };
		B7B88CD12A0F0A2800372CD8 /* UIViewExtension.swift */ = {isa = PBXFileReference; lastKnownFileType = sourcecode.swift; path = UIViewExtension.swift; sourceTree = "<group>"; };
		B7B88CD52A0F16C700372CD8 /* ReposListController.swift */ = {isa = PBXFileReference; lastKnownFileType = sourcecode.swift; path = ReposListController.swift; sourceTree = "<group>"; };
		B7B88CDA2A0F187900372CD8 /* ReposListView.swift */ = {isa = PBXFileReference; lastKnownFileType = sourcecode.swift; path = ReposListView.swift; sourceTree = "<group>"; };
		B7B88CDC2A0F188E00372CD8 /* ReposListViewModel.swift */ = {isa = PBXFileReference; lastKnownFileType = sourcecode.swift; path = ReposListViewModel.swift; sourceTree = "<group>"; };
		B7B88CDE2A0F198A00372CD8 /* ReposListView.xib */ = {isa = PBXFileReference; lastKnownFileType = file.xib; path = ReposListView.xib; sourceTree = "<group>"; };
		B7B88CE02A0F1CEC00372CD8 /* RepositoryResponse.swift */ = {isa = PBXFileReference; lastKnownFileType = sourcecode.swift; path = RepositoryResponse.swift; sourceTree = "<group>"; };
		B7B88CE22A0F29FA00372CD8 /* ReposListTableViewCell.swift */ = {isa = PBXFileReference; lastKnownFileType = sourcecode.swift; path = ReposListTableViewCell.swift; sourceTree = "<group>"; };
		B7B88CE32A0F29FA00372CD8 /* ReposListTableViewCell.xib */ = {isa = PBXFileReference; lastKnownFileType = file.xib; path = ReposListTableViewCell.xib; sourceTree = "<group>"; };
		B7B88CE62A0FBB2E00372CD8 /* SearchUserResponse.swift */ = {isa = PBXFileReference; lastKnownFileType = sourcecode.swift; path = SearchUserResponse.swift; sourceTree = "<group>"; };
		B7B88CEC2A1002B800372CD8 /* ControllerLifeCicleDelegate.swift */ = {isa = PBXFileReference; lastKnownFileType = sourcecode.swift; path = ControllerLifeCicleDelegate.swift; sourceTree = "<group>"; };
		B7C45D062A0D85C700538DC9 /* CarrefourTest.app */ = {isa = PBXFileReference; explicitFileType = wrapper.application; includeInIndex = 0; path = CarrefourTest.app; sourceTree = BUILT_PRODUCTS_DIR; };
		B7C45D092A0D85C700538DC9 /* AppDelegate.swift */ = {isa = PBXFileReference; lastKnownFileType = sourcecode.swift; path = AppDelegate.swift; sourceTree = "<group>"; };
		B7C45D0B2A0D85C700538DC9 /* SceneDelegate.swift */ = {isa = PBXFileReference; lastKnownFileType = sourcecode.swift; path = SceneDelegate.swift; sourceTree = "<group>"; };
		B7C45D0D2A0D85C700538DC9 /* UserListController.swift */ = {isa = PBXFileReference; lastKnownFileType = sourcecode.swift; path = UserListController.swift; sourceTree = "<group>"; };
		B7C45D122A0D85C900538DC9 /* Assets.xcassets */ = {isa = PBXFileReference; lastKnownFileType = folder.assetcatalog; path = Assets.xcassets; sourceTree = "<group>"; };
		B7C45D152A0D85C900538DC9 /* Base */ = {isa = PBXFileReference; lastKnownFileType = file.storyboard; name = Base; path = Base.lproj/LaunchScreen.storyboard; sourceTree = "<group>"; };
		B7C45D172A0D85C900538DC9 /* Info.plist */ = {isa = PBXFileReference; lastKnownFileType = text.plist.xml; path = Info.plist; sourceTree = "<group>"; };
		B7C45D1C2A0D85CA00538DC9 /* CarrefourTestTests.xctest */ = {isa = PBXFileReference; explicitFileType = wrapper.cfbundle; includeInIndex = 0; path = CarrefourTestTests.xctest; sourceTree = BUILT_PRODUCTS_DIR; };
		B7C45D3A2A0D8B6100538DC9 /* Coordinator.swift */ = {isa = PBXFileReference; lastKnownFileType = sourcecode.swift; path = Coordinator.swift; sourceTree = "<group>"; };
		B7C45D3C2A0D8BA200538DC9 /* HomeCoordinator.swift */ = {isa = PBXFileReference; lastKnownFileType = sourcecode.swift; path = HomeCoordinator.swift; sourceTree = "<group>"; };
		B7EEDCA52A0D91BE003816A8 /* Network.swift */ = {isa = PBXFileReference; lastKnownFileType = sourcecode.swift; path = Network.swift; sourceTree = "<group>"; };
		B7EEDCA82A0D981E003816A8 /* UserResponse.swift */ = {isa = PBXFileReference; lastKnownFileType = sourcecode.swift; path = UserResponse.swift; sourceTree = "<group>"; };
		B7EEDCAB2A0DAC35003816A8 /* HomeRepository.swift */ = {isa = PBXFileReference; lastKnownFileType = sourcecode.swift; path = HomeRepository.swift; sourceTree = "<group>"; };
		B7EEDCB12A0DB68F003816A8 /* UserListView.swift */ = {isa = PBXFileReference; lastKnownFileType = sourcecode.swift; path = UserListView.swift; sourceTree = "<group>"; };
		B7EEDCB32A0DB6A5003816A8 /* UserListView.xib */ = {isa = PBXFileReference; lastKnownFileType = file.xib; path = UserListView.xib; sourceTree = "<group>"; };
		B7EEDCB52A0DBCEF003816A8 /* UserListTableViewCell.swift */ = {isa = PBXFileReference; lastKnownFileType = sourcecode.swift; path = UserListTableViewCell.swift; sourceTree = "<group>"; };
		B7EEDCB62A0DBCEF003816A8 /* UserListTableViewCell.xib */ = {isa = PBXFileReference; lastKnownFileType = file.xib; path = UserListTableViewCell.xib; sourceTree = "<group>"; };
		B7EEDCB92A0DC57F003816A8 /* UserListCellModel.swift */ = {isa = PBXFileReference; lastKnownFileType = sourcecode.swift; path = UserListCellModel.swift; sourceTree = "<group>"; };
		B7EEDCBE2A0E6986003816A8 /* UserListViewModel.swift */ = {isa = PBXFileReference; lastKnownFileType = sourcecode.swift; path = UserListViewModel.swift; sourceTree = "<group>"; };
		B7EEDCC02A0E6F79003816A8 /* UserDetailResponse.swift */ = {isa = PBXFileReference; lastKnownFileType = sourcecode.swift; path = UserDetailResponse.swift; sourceTree = "<group>"; };
		B7F7349A2A1070340026B3D9 /* UserResponseTests.swift */ = {isa = PBXFileReference; lastKnownFileType = sourcecode.swift; path = UserResponseTests.swift; sourceTree = "<group>"; };
		B7F7349C2A1070540026B3D9 /* UserDetailResponseTests.swift */ = {isa = PBXFileReference; lastKnownFileType = sourcecode.swift; path = UserDetailResponseTests.swift; sourceTree = "<group>"; };
		B7F7349E2A1070D80026B3D9 /* RepositoryResponseTests.swift */ = {isa = PBXFileReference; lastKnownFileType = sourcecode.swift; path = RepositoryResponseTests.swift; sourceTree = "<group>"; };
		B7F734A02A10730F0026B3D9 /* SearchUserResponseTests.swift */ = {isa = PBXFileReference; lastKnownFileType = sourcecode.swift; path = SearchUserResponseTests.swift; sourceTree = "<group>"; };
		B7F734A32A1075B40026B3D9 /* UserListCellModelTests.swift */ = {isa = PBXFileReference; lastKnownFileType = sourcecode.swift; path = UserListCellModelTests.swift; sourceTree = "<group>"; };
		B7F734A52A10789B0026B3D9 /* UserProfileModelTests.swift */ = {isa = PBXFileReference; lastKnownFileType = sourcecode.swift; path = UserProfileModelTests.swift; sourceTree = "<group>"; };
		B7FF76902A10144B00B20257 /* ActivityIndicatorView.swift */ = {isa = PBXFileReference; lastKnownFileType = sourcecode.swift; path = ActivityIndicatorView.swift; sourceTree = "<group>"; };
		B7FF76922A10145700B20257 /* ActivityIndicatorView.xib */ = {isa = PBXFileReference; lastKnownFileType = file.xib; path = ActivityIndicatorView.xib; sourceTree = "<group>"; };
/* End PBXFileReference section */

/* Begin PBXFrameworksBuildPhase section */
		B7C45D032A0D85C700538DC9 /* Frameworks */ = {
			isa = PBXFrameworksBuildPhase;
			buildActionMask = 2147483647;
			files = (
			);
			runOnlyForDeploymentPostprocessing = 0;
		};
		B7C45D192A0D85CA00538DC9 /* Frameworks */ = {
			isa = PBXFrameworksBuildPhase;
			buildActionMask = 2147483647;
			files = (
			);
			runOnlyForDeploymentPostprocessing = 0;
		};
/* End PBXFrameworksBuildPhase section */

/* Begin PBXGroup section */
		B733EC482A0ED6D6005B00D1 /* Model */ = {
			isa = PBXGroup;
			children = (
				B7EEDCA82A0D981E003816A8 /* UserResponse.swift */,
				B7EEDCC02A0E6F79003816A8 /* UserDetailResponse.swift */,
				B7B88CE02A0F1CEC00372CD8 /* RepositoryResponse.swift */,
				B7B88CE62A0FBB2E00372CD8 /* SearchUserResponse.swift */,
			);
			path = Model;
			sourceTree = "<group>";
		};
		B733EC492A0ED7BD005B00D1 /* Controller */ = {
			isa = PBXGroup;
			children = (
				B733EC4A2A0ED7CE005B00D1 /* BaseViewController.swift */,
				B7B88CEC2A1002B800372CD8 /* ControllerLifeCicleDelegate.swift */,
			);
			path = Controller;
			sourceTree = "<group>";
		};
		B733EC4F2A0ED912005B00D1 /* UserProfile */ = {
			isa = PBXGroup;
			children = (
				B7B88CC82A0EDB8400372CD8 /* ViewModel */,
				B7B88CC52A0EDB3E00372CD8 /* View */,
				B7B88CCD2A0EF06500372CD8 /* Model */,
				B7B88CC22A0EDAB900372CD8 /* Controller */,
			);
			path = UserProfile;
			sourceTree = "<group>";
		};
		B7B88CC22A0EDAB900372CD8 /* Controller */ = {
			isa = PBXGroup;
			children = (
				B7B88CC32A0EDAF100372CD8 /* UserProfileController.swift */,
			);
			path = Controller;
			sourceTree = "<group>";
		};
		B7B88CC52A0EDB3E00372CD8 /* View */ = {
			isa = PBXGroup;
			children = (
				B7B88CC62A0EDB5F00372CD8 /* UserProfileView.swift */,
				B7B88CCB2A0EDBD900372CD8 /* UserProfileView.xib */,
			);
			path = View;
			sourceTree = "<group>";
		};
		B7B88CC82A0EDB8400372CD8 /* ViewModel */ = {
			isa = PBXGroup;
			children = (
				B7B88CC92A0EDB9600372CD8 /* UserProfileViewModel.swift */,
			);
			path = ViewModel;
			sourceTree = "<group>";
		};
		B7B88CCD2A0EF06500372CD8 /* Model */ = {
			isa = PBXGroup;
			children = (
				B7B88CCE2A0EF07E00372CD8 /* UserProfileModel.swift */,
			);
			path = Model;
			sourceTree = "<group>";
		};
		B7B88CD02A0F09EB00372CD8 /* Extension */ = {
			isa = PBXGroup;
			children = (
				B7B88CD12A0F0A2800372CD8 /* UIViewExtension.swift */,
			);
			path = Extension;
			sourceTree = "<group>";
		};
		B7B88CD32A0F152D00372CD8 /* ReposList */ = {
			isa = PBXGroup;
			children = (
				B7B88CD82A0F184000372CD8 /* ViewModel */,
				B7B88CD72A0F183900372CD8 /* View */,
				B7B88CD92A0F184900372CD8 /* Model */,
				B7B88CD42A0F16AB00372CD8 /* Controller */,
			);
			path = ReposList;
			sourceTree = "<group>";
		};
		B7B88CD42A0F16AB00372CD8 /* Controller */ = {
			isa = PBXGroup;
			children = (
				B7B88CD52A0F16C700372CD8 /* ReposListController.swift */,
			);
			path = Controller;
			sourceTree = "<group>";
		};
		B7B88CD72A0F183900372CD8 /* View */ = {
			isa = PBXGroup;
			children = (
				B7B88CDA2A0F187900372CD8 /* ReposListView.swift */,
				B7B88CDE2A0F198A00372CD8 /* ReposListView.xib */,
				B7B88CE22A0F29FA00372CD8 /* ReposListTableViewCell.swift */,
				B7B88CE32A0F29FA00372CD8 /* ReposListTableViewCell.xib */,
			);
			path = View;
			sourceTree = "<group>";
		};
		B7B88CD82A0F184000372CD8 /* ViewModel */ = {
			isa = PBXGroup;
			children = (
				B7B88CDC2A0F188E00372CD8 /* ReposListViewModel.swift */,
			);
			path = ViewModel;
			sourceTree = "<group>";
		};
		B7B88CD92A0F184900372CD8 /* Model */ = {
			isa = PBXGroup;
			children = (
			);
			path = Model;
			sourceTree = "<group>";
		};
		B7B88CF32A10139D00372CD8 /* View */ = {
			isa = PBXGroup;
			children = (
				B7FF768F2A10142800B20257 /* Active */,
			);
			path = View;
			sourceTree = "<group>";
		};
		B7C45CFD2A0D85C700538DC9 = {
			isa = PBXGroup;
			children = (
				B7C45D082A0D85C700538DC9 /* CarrefourTest */,
				B7C45D1F2A0D85CA00538DC9 /* CarrefourTestTests */,
				B7C45D072A0D85C700538DC9 /* Products */,
			);
			sourceTree = "<group>";
		};
		B7C45D072A0D85C700538DC9 /* Products */ = {
			isa = PBXGroup;
			children = (
				B7C45D062A0D85C700538DC9 /* CarrefourTest.app */,
				B7C45D1C2A0D85CA00538DC9 /* CarrefourTestTests.xctest */,
			);
			name = Products;
			sourceTree = "<group>";
		};
		B7C45D082A0D85C700538DC9 /* CarrefourTest */ = {
			isa = PBXGroup;
			children = (
				B7EEDCA42A0D9198003816A8 /* Network */,
				B7C45D392A0D8B3400538DC9 /* Coordinator */,
				B7B88CD02A0F09EB00372CD8 /* Extension */,
				B7B88CF32A10139D00372CD8 /* View */,
				B733EC492A0ED7BD005B00D1 /* Controller */,
				B7EEDCAE2A0DB4ED003816A8 /* Home */,
				B7C45D092A0D85C700538DC9 /* AppDelegate.swift */,
				B7C45D0B2A0D85C700538DC9 /* SceneDelegate.swift */,
				B7C45D122A0D85C900538DC9 /* Assets.xcassets */,
				B7C45D142A0D85C900538DC9 /* LaunchScreen.storyboard */,
				B7C45D172A0D85C900538DC9 /* Info.plist */,
			);
			path = CarrefourTest;
			sourceTree = "<group>";
		};
		B7C45D1F2A0D85CA00538DC9 /* CarrefourTestTests */ = {
			isa = PBXGroup;
			children = (
				B7F734982A1070100026B3D9 /* Home */,
			);
			path = CarrefourTestTests;
			sourceTree = "<group>";
		};
		B7C45D392A0D8B3400538DC9 /* Coordinator */ = {
			isa = PBXGroup;
			children = (
				B7C45D3A2A0D8B6100538DC9 /* Coordinator.swift */,
			);
			path = Coordinator;
			sourceTree = "<group>";
		};
		B7EEDCA42A0D9198003816A8 /* Network */ = {
			isa = PBXGroup;
			children = (
				B7EEDCA52A0D91BE003816A8 /* Network.swift */,
			);
			path = Network;
			sourceTree = "<group>";
		};
		B7EEDCA72A0D980C003816A8 /* Model */ = {
			isa = PBXGroup;
			children = (
				B7EEDCB92A0DC57F003816A8 /* UserListCellModel.swift */,
			);
			path = Model;
			sourceTree = "<group>";
		};
		B7EEDCAA2A0DAC01003816A8 /* Repository */ = {
			isa = PBXGroup;
			children = (
				B7EEDCAB2A0DAC35003816A8 /* HomeRepository.swift */,
			);
			path = Repository;
			sourceTree = "<group>";
		};
		B7EEDCAD2A0DB48A003816A8 /* Controller */ = {
			isa = PBXGroup;
			children = (
				B7C45D0D2A0D85C700538DC9 /* UserListController.swift */,
			);
			path = Controller;
			sourceTree = "<group>";
		};
		B7EEDCAE2A0DB4ED003816A8 /* Home */ = {
			isa = PBXGroup;
			children = (
				B733EC482A0ED6D6005B00D1 /* Model */,
				B7EEDCAA2A0DAC01003816A8 /* Repository */,
				B7EEDCAF2A0DB4FE003816A8 /* Coordinator */,
				B7EEDCC22A0EC80F003816A8 /* UserList */,
				B733EC4F2A0ED912005B00D1 /* UserProfile */,
				B7B88CD32A0F152D00372CD8 /* ReposList */,
			);
			path = Home;
			sourceTree = "<group>";
		};
		B7EEDCAF2A0DB4FE003816A8 /* Coordinator */ = {
			isa = PBXGroup;
			children = (
				B7C45D3C2A0D8BA200538DC9 /* HomeCoordinator.swift */,
			);
			path = Coordinator;
			sourceTree = "<group>";
		};
		B7EEDCB02A0DB628003816A8 /* View */ = {
			isa = PBXGroup;
			children = (
				B7EEDCB12A0DB68F003816A8 /* UserListView.swift */,
				B7EEDCB32A0DB6A5003816A8 /* UserListView.xib */,
				B7EEDCB52A0DBCEF003816A8 /* UserListTableViewCell.swift */,
				B7EEDCB62A0DBCEF003816A8 /* UserListTableViewCell.xib */,
			);
			path = View;
			sourceTree = "<group>";
		};
		B7EEDCBD2A0E6970003816A8 /* ViewModel */ = {
			isa = PBXGroup;
			children = (
				B7EEDCBE2A0E6986003816A8 /* UserListViewModel.swift */,
			);
			path = ViewModel;
			sourceTree = "<group>";
		};
		B7EEDCC22A0EC80F003816A8 /* UserList */ = {
			isa = PBXGroup;
			children = (
				B7EEDCBD2A0E6970003816A8 /* ViewModel */,
				B7EEDCB02A0DB628003816A8 /* View */,
				B7EEDCA72A0D980C003816A8 /* Model */,
				B7EEDCAD2A0DB48A003816A8 /* Controller */,
			);
			path = UserList;
			sourceTree = "<group>";
		};
		B7F734982A1070100026B3D9 /* Home */ = {
			isa = PBXGroup;
			children = (
				B7F734992A1070170026B3D9 /* Model */,
				B7F734A22A1075930026B3D9 /* UserList */,
				B7F734A72A1079300026B3D9 /* UserProfile */,
			);
			path = Home;
			sourceTree = "<group>";
		};
		B7F734992A1070170026B3D9 /* Model */ = {
			isa = PBXGroup;
			children = (
				B7F7349A2A1070340026B3D9 /* UserResponseTests.swift */,
				B7F7349C2A1070540026B3D9 /* UserDetailResponseTests.swift */,
				B7F7349E2A1070D80026B3D9 /* RepositoryResponseTests.swift */,
				B7F734A02A10730F0026B3D9 /* SearchUserResponseTests.swift */,
			);
			path = Model;
			sourceTree = "<group>";
		};
		B7F734A22A1075930026B3D9 /* UserList */ = {
			isa = PBXGroup;
			children = (
				B7F734A32A1075B40026B3D9 /* UserListCellModelTests.swift */,
			);
			path = UserList;
			sourceTree = "<group>";
		};
		B7F734A72A1079300026B3D9 /* UserProfile */ = {
			isa = PBXGroup;
			children = (
				B7F734A52A10789B0026B3D9 /* UserProfileModelTests.swift */,
			);
			path = UserProfile;
			sourceTree = "<group>";
		};
		B7FF768F2A10142800B20257 /* Active */ = {
			isa = PBXGroup;
			children = (
				B7FF76902A10144B00B20257 /* ActivityIndicatorView.swift */,
				B7FF76922A10145700B20257 /* ActivityIndicatorView.xib */,
			);
			path = Active;
			sourceTree = "<group>";
		};
/* End PBXGroup section */

/* Begin PBXNativeTarget section */
		B7C45D052A0D85C700538DC9 /* CarrefourTest */ = {
			isa = PBXNativeTarget;
			buildConfigurationList = B7C45D302A0D85CA00538DC9 /* Build configuration list for PBXNativeTarget "CarrefourTest" */;
			buildPhases = (
				B7C45D022A0D85C700538DC9 /* Sources */,
				B7C45D032A0D85C700538DC9 /* Frameworks */,
				B7C45D042A0D85C700538DC9 /* Resources */,
			);
			buildRules = (
			);
			dependencies = (
			);
			name = CarrefourTest;
			productName = CarrefourTest;
			productReference = B7C45D062A0D85C700538DC9 /* CarrefourTest.app */;
			productType = "com.apple.product-type.application";
		};
		B7C45D1B2A0D85CA00538DC9 /* CarrefourTestTests */ = {
			isa = PBXNativeTarget;
			buildConfigurationList = B7C45D332A0D85CA00538DC9 /* Build configuration list for PBXNativeTarget "CarrefourTestTests" */;
			buildPhases = (
				B7C45D182A0D85CA00538DC9 /* Sources */,
				B7C45D192A0D85CA00538DC9 /* Frameworks */,
				B7C45D1A2A0D85CA00538DC9 /* Resources */,
			);
			buildRules = (
			);
			dependencies = (
				B7C45D1E2A0D85CA00538DC9 /* PBXTargetDependency */,
			);
			name = CarrefourTestTests;
			productName = CarrefourTestTests;
			productReference = B7C45D1C2A0D85CA00538DC9 /* CarrefourTestTests.xctest */;
			productType = "com.apple.product-type.bundle.unit-test";
		};
/* End PBXNativeTarget section */

/* Begin PBXProject section */
		B7C45CFE2A0D85C700538DC9 /* Project object */ = {
			isa = PBXProject;
			attributes = {
				BuildIndependentTargetsInParallel = 1;
				LastSwiftUpdateCheck = 1420;
				LastUpgradeCheck = 1420;
				TargetAttributes = {
					B7C45D052A0D85C700538DC9 = {
						CreatedOnToolsVersion = 14.2;
					};
					B7C45D1B2A0D85CA00538DC9 = {
						CreatedOnToolsVersion = 14.2;
						TestTargetID = B7C45D052A0D85C700538DC9;
					};
				};
			};
			buildConfigurationList = B7C45D012A0D85C700538DC9 /* Build configuration list for PBXProject "CarrefourTest" */;
			compatibilityVersion = "Xcode 14.0";
			developmentRegion = en;
			hasScannedForEncodings = 0;
			knownRegions = (
				en,
				Base,
			);
			mainGroup = B7C45CFD2A0D85C700538DC9;
			productRefGroup = B7C45D072A0D85C700538DC9 /* Products */;
			projectDirPath = "";
			projectRoot = "";
			targets = (
				B7C45D052A0D85C700538DC9 /* CarrefourTest */,
				B7C45D1B2A0D85CA00538DC9 /* CarrefourTestTests */,
			);
		};
/* End PBXProject section */

/* Begin PBXResourcesBuildPhase section */
		B7C45D042A0D85C700538DC9 /* Resources */ = {
			isa = PBXResourcesBuildPhase;
			buildActionMask = 2147483647;
			files = (
				B7B88CCC2A0EDBD900372CD8 /* UserProfileView.xib in Resources */,
				B7C45D162A0D85C900538DC9 /* LaunchScreen.storyboard in Resources */,
				B7C45D132A0D85C900538DC9 /* Assets.xcassets in Resources */,
				B7EEDCB82A0DBCEF003816A8 /* UserListTableViewCell.xib in Resources */,
				B7B88CDF2A0F198A00372CD8 /* ReposListView.xib in Resources */,
				B7EEDCB42A0DB6A5003816A8 /* UserListView.xib in Resources */,
				B7B88CE52A0F29FA00372CD8 /* ReposListTableViewCell.xib in Resources */,
				B7FF76932A10145700B20257 /* ActivityIndicatorView.xib in Resources */,
			);
			runOnlyForDeploymentPostprocessing = 0;
		};
		B7C45D1A2A0D85CA00538DC9 /* Resources */ = {
			isa = PBXResourcesBuildPhase;
			buildActionMask = 2147483647;
			files = (
			);
			runOnlyForDeploymentPostprocessing = 0;
		};
/* End PBXResourcesBuildPhase section */

/* Begin PBXSourcesBuildPhase section */
		B7C45D022A0D85C700538DC9 /* Sources */ = {
			isa = PBXSourcesBuildPhase;
			buildActionMask = 2147483647;
			files = (
				B7EEDCB22A0DB68F003816A8 /* UserListView.swift in Sources */,
				B7B88CC42A0EDAF100372CD8 /* UserProfileController.swift in Sources */,
				B7EEDCAC2A0DAC35003816A8 /* HomeRepository.swift in Sources */,
				B7C45D3B2A0D8B6100538DC9 /* Coordinator.swift in Sources */,
				B7EEDCBA2A0DC57F003816A8 /* UserListCellModel.swift in Sources */,
				B7B88CD62A0F16C700372CD8 /* ReposListController.swift in Sources */,
				B7C45D0E2A0D85C700538DC9 /* UserListController.swift in Sources */,
				B733EC4B2A0ED7CE005B00D1 /* BaseViewController.swift in Sources */,
				B7B88CED2A1002B800372CD8 /* ControllerLifeCicleDelegate.swift in Sources */,
				B7B88CDB2A0F187900372CD8 /* ReposListView.swift in Sources */,
				B7EEDCA62A0D91BE003816A8 /* Network.swift in Sources */,
				B7B88CE12A0F1CEC00372CD8 /* RepositoryResponse.swift in Sources */,
				B7C45D0A2A0D85C700538DC9 /* AppDelegate.swift in Sources */,
				B7EEDCC12A0E6F79003816A8 /* UserDetailResponse.swift in Sources */,
				B7B88CCF2A0EF07E00372CD8 /* UserProfileModel.swift in Sources */,
				B7FF76912A10144B00B20257 /* ActivityIndicatorView.swift in Sources */,
				B7EEDCBF2A0E6986003816A8 /* UserListViewModel.swift in Sources */,
				B7B88CC72A0EDB5F00372CD8 /* UserProfileView.swift in Sources */,
				B7B88CD22A0F0A2800372CD8 /* UIViewExtension.swift in Sources */,
				B7B88CE72A0FBB2E00372CD8 /* SearchUserResponse.swift in Sources */,
				B7B88CDD2A0F188E00372CD8 /* ReposListViewModel.swift in Sources */,
				B7EEDCB72A0DBCEF003816A8 /* UserListTableViewCell.swift in Sources */,
				B7C45D3D2A0D8BA200538DC9 /* HomeCoordinator.swift in Sources */,
				B7C45D0C2A0D85C700538DC9 /* SceneDelegate.swift in Sources */,
				B7B88CCA2A0EDB9600372CD8 /* UserProfileViewModel.swift in Sources */,
				B7EEDCA92A0D981E003816A8 /* UserResponse.swift in Sources */,
				B7B88CE42A0F29FA00372CD8 /* ReposListTableViewCell.swift in Sources */,
			);
			runOnlyForDeploymentPostprocessing = 0;
		};
		B7C45D182A0D85CA00538DC9 /* Sources */ = {
			isa = PBXSourcesBuildPhase;
			buildActionMask = 2147483647;
			files = (
				B7F734A62A10789B0026B3D9 /* UserProfileModelTests.swift in Sources */,
				B7F734A42A1075B40026B3D9 /* UserListCellModelTests.swift in Sources */,
				B7F7349F2A1070D80026B3D9 /* RepositoryResponseTests.swift in Sources */,
				B7F7349D2A1070540026B3D9 /* UserDetailResponseTests.swift in Sources */,
				B7F7349B2A1070340026B3D9 /* UserResponseTests.swift in Sources */,
				B7F734A12A10730F0026B3D9 /* SearchUserResponseTests.swift in Sources */,
			);
			runOnlyForDeploymentPostprocessing = 0;
		};
/* End PBXSourcesBuildPhase section */

/* Begin PBXTargetDependency section */
		B7C45D1E2A0D85CA00538DC9 /* PBXTargetDependency */ = {
			isa = PBXTargetDependency;
			target = B7C45D052A0D85C700538DC9 /* CarrefourTest */;
			targetProxy = B7C45D1D2A0D85CA00538DC9 /* PBXContainerItemProxy */;
		};
/* End PBXTargetDependency section */

/* Begin PBXVariantGroup section */
		B7C45D142A0D85C900538DC9 /* LaunchScreen.storyboard */ = {
			isa = PBXVariantGroup;
			children = (
				B7C45D152A0D85C900538DC9 /* Base */,
			);
			name = LaunchScreen.storyboard;
			sourceTree = "<group>";
		};
/* End PBXVariantGroup section */

/* Begin XCBuildConfiguration section */
		B7C45D2E2A0D85CA00538DC9 /* Debug */ = {
			isa = XCBuildConfiguration;
			buildSettings = {
				ALWAYS_SEARCH_USER_PATHS = NO;
				CLANG_ANALYZER_NONNULL = YES;
				CLANG_ANALYZER_NUMBER_OBJECT_CONVERSION = YES_AGGRESSIVE;
				CLANG_CXX_LANGUAGE_STANDARD = "gnu++20";
				CLANG_ENABLE_MODULES = YES;
				CLANG_ENABLE_OBJC_ARC = YES;
				CLANG_ENABLE_OBJC_WEAK = YES;
				CLANG_WARN_BLOCK_CAPTURE_AUTORELEASING = YES;
				CLANG_WARN_BOOL_CONVERSION = YES;
				CLANG_WARN_COMMA = YES;
				CLANG_WARN_CONSTANT_CONVERSION = YES;
				CLANG_WARN_DEPRECATED_OBJC_IMPLEMENTATIONS = YES;
				CLANG_WARN_DIRECT_OBJC_ISA_USAGE = YES_ERROR;
				CLANG_WARN_DOCUMENTATION_COMMENTS = YES;
				CLANG_WARN_EMPTY_BODY = YES;
				CLANG_WARN_ENUM_CONVERSION = YES;
				CLANG_WARN_INFINITE_RECURSION = YES;
				CLANG_WARN_INT_CONVERSION = YES;
				CLANG_WARN_NON_LITERAL_NULL_CONVERSION = YES;
				CLANG_WARN_OBJC_IMPLICIT_RETAIN_SELF = YES;
				CLANG_WARN_OBJC_LITERAL_CONVERSION = YES;
				CLANG_WARN_OBJC_ROOT_CLASS = YES_ERROR;
				CLANG_WARN_QUOTED_INCLUDE_IN_FRAMEWORK_HEADER = YES;
				CLANG_WARN_RANGE_LOOP_ANALYSIS = YES;
				CLANG_WARN_STRICT_PROTOTYPES = YES;
				CLANG_WARN_SUSPICIOUS_MOVE = YES;
				CLANG_WARN_UNGUARDED_AVAILABILITY = YES_AGGRESSIVE;
				CLANG_WARN_UNREACHABLE_CODE = YES;
				CLANG_WARN__DUPLICATE_METHOD_MATCH = YES;
				COPY_PHASE_STRIP = NO;
				DEBUG_INFORMATION_FORMAT = dwarf;
				ENABLE_STRICT_OBJC_MSGSEND = YES;
				ENABLE_TESTABILITY = YES;
				GCC_C_LANGUAGE_STANDARD = gnu11;
				GCC_DYNAMIC_NO_PIC = NO;
				GCC_NO_COMMON_BLOCKS = YES;
				GCC_OPTIMIZATION_LEVEL = 0;
				GCC_PREPROCESSOR_DEFINITIONS = (
					"DEBUG=1",
					"$(inherited)",
				);
				GCC_WARN_64_TO_32_BIT_CONVERSION = YES;
				GCC_WARN_ABOUT_RETURN_TYPE = YES_ERROR;
				GCC_WARN_UNDECLARED_SELECTOR = YES;
				GCC_WARN_UNINITIALIZED_AUTOS = YES_AGGRESSIVE;
				GCC_WARN_UNUSED_FUNCTION = YES;
				GCC_WARN_UNUSED_VARIABLE = YES;
				IPHONEOS_DEPLOYMENT_TARGET = 16.2;
				MTL_ENABLE_DEBUG_INFO = INCLUDE_SOURCE;
				MTL_FAST_MATH = YES;
				ONLY_ACTIVE_ARCH = YES;
				SDKROOT = iphoneos;
				SWIFT_ACTIVE_COMPILATION_CONDITIONS = DEBUG;
				SWIFT_OPTIMIZATION_LEVEL = "-Onone";
			};
			name = Debug;
		};
		B7C45D2F2A0D85CA00538DC9 /* Release */ = {
			isa = XCBuildConfiguration;
			buildSettings = {
				ALWAYS_SEARCH_USER_PATHS = NO;
				CLANG_ANALYZER_NONNULL = YES;
				CLANG_ANALYZER_NUMBER_OBJECT_CONVERSION = YES_AGGRESSIVE;
				CLANG_CXX_LANGUAGE_STANDARD = "gnu++20";
				CLANG_ENABLE_MODULES = YES;
				CLANG_ENABLE_OBJC_ARC = YES;
				CLANG_ENABLE_OBJC_WEAK = YES;
				CLANG_WARN_BLOCK_CAPTURE_AUTORELEASING = YES;
				CLANG_WARN_BOOL_CONVERSION = YES;
				CLANG_WARN_COMMA = YES;
				CLANG_WARN_CONSTANT_CONVERSION = YES;
				CLANG_WARN_DEPRECATED_OBJC_IMPLEMENTATIONS = YES;
				CLANG_WARN_DIRECT_OBJC_ISA_USAGE = YES_ERROR;
				CLANG_WARN_DOCUMENTATION_COMMENTS = YES;
				CLANG_WARN_EMPTY_BODY = YES;
				CLANG_WARN_ENUM_CONVERSION = YES;
				CLANG_WARN_INFINITE_RECURSION = YES;
				CLANG_WARN_INT_CONVERSION = YES;
				CLANG_WARN_NON_LITERAL_NULL_CONVERSION = YES;
				CLANG_WARN_OBJC_IMPLICIT_RETAIN_SELF = YES;
				CLANG_WARN_OBJC_LITERAL_CONVERSION = YES;
				CLANG_WARN_OBJC_ROOT_CLASS = YES_ERROR;
				CLANG_WARN_QUOTED_INCLUDE_IN_FRAMEWORK_HEADER = YES;
				CLANG_WARN_RANGE_LOOP_ANALYSIS = YES;
				CLANG_WARN_STRICT_PROTOTYPES = YES;
				CLANG_WARN_SUSPICIOUS_MOVE = YES;
				CLANG_WARN_UNGUARDED_AVAILABILITY = YES_AGGRESSIVE;
				CLANG_WARN_UNREACHABLE_CODE = YES;
				CLANG_WARN__DUPLICATE_METHOD_MATCH = YES;
				COPY_PHASE_STRIP = NO;
				DEBUG_INFORMATION_FORMAT = "dwarf-with-dsym";
				ENABLE_NS_ASSERTIONS = NO;
				ENABLE_STRICT_OBJC_MSGSEND = YES;
				GCC_C_LANGUAGE_STANDARD = gnu11;
				GCC_NO_COMMON_BLOCKS = YES;
				GCC_WARN_64_TO_32_BIT_CONVERSION = YES;
				GCC_WARN_ABOUT_RETURN_TYPE = YES_ERROR;
				GCC_WARN_UNDECLARED_SELECTOR = YES;
				GCC_WARN_UNINITIALIZED_AUTOS = YES_AGGRESSIVE;
				GCC_WARN_UNUSED_FUNCTION = YES;
				GCC_WARN_UNUSED_VARIABLE = YES;
				IPHONEOS_DEPLOYMENT_TARGET = 16.2;
				MTL_ENABLE_DEBUG_INFO = NO;
				MTL_FAST_MATH = YES;
				SDKROOT = iphoneos;
				SWIFT_COMPILATION_MODE = wholemodule;
				SWIFT_OPTIMIZATION_LEVEL = "-O";
				VALIDATE_PRODUCT = YES;
			};
			name = Release;
		};
		B7C45D312A0D85CA00538DC9 /* Debug */ = {
			isa = XCBuildConfiguration;
			buildSettings = {
				ASSETCATALOG_COMPILER_APPICON_NAME = AppIcon;
				ASSETCATALOG_COMPILER_GLOBAL_ACCENT_COLOR_NAME = AccentColor;
				CODE_SIGN_STYLE = Automatic;
				CURRENT_PROJECT_VERSION = 1;
				DEVELOPMENT_TEAM = 9QCEA3X339;
				GENERATE_INFOPLIST_FILE = YES;
				INFOPLIST_FILE = CarrefourTest/Info.plist;
				INFOPLIST_KEY_UIApplicationSupportsIndirectInputEvents = YES;
				INFOPLIST_KEY_UILaunchStoryboardName = LaunchScreen;
				INFOPLIST_KEY_UISupportedInterfaceOrientations_iPad = "UIInterfaceOrientationPortrait UIInterfaceOrientationPortraitUpsideDown UIInterfaceOrientationLandscapeLeft UIInterfaceOrientationLandscapeRight";
				INFOPLIST_KEY_UISupportedInterfaceOrientations_iPhone = "UIInterfaceOrientationPortrait UIInterfaceOrientationLandscapeLeft UIInterfaceOrientationLandscapeRight";
				LD_RUNPATH_SEARCH_PATHS = (
					"$(inherited)",
					"@executable_path/Frameworks",
				);
				MARKETING_VERSION = 1.0;
				PRODUCT_BUNDLE_IDENTIFIER = com.actdigital.CarrefourTest;
				PRODUCT_NAME = "$(TARGET_NAME)";
				SWIFT_EMIT_LOC_STRINGS = YES;
				SWIFT_VERSION = 5.0;
				TARGETED_DEVICE_FAMILY = "1,2";
			};
			name = Debug;
		};
		B7C45D322A0D85CA00538DC9 /* Release */ = {
			isa = XCBuildConfiguration;
			buildSettings = {
				ASSETCATALOG_COMPILER_APPICON_NAME = AppIcon;
				ASSETCATALOG_COMPILER_GLOBAL_ACCENT_COLOR_NAME = AccentColor;
				CODE_SIGN_STYLE = Automatic;
				CURRENT_PROJECT_VERSION = 1;
				DEVELOPMENT_TEAM = 9QCEA3X339;
				GENERATE_INFOPLIST_FILE = YES;
				INFOPLIST_FILE = CarrefourTest/Info.plist;
				INFOPLIST_KEY_UIApplicationSupportsIndirectInputEvents = YES;
				INFOPLIST_KEY_UILaunchStoryboardName = LaunchScreen;
				INFOPLIST_KEY_UISupportedInterfaceOrientations_iPad = "UIInterfaceOrientationPortrait UIInterfaceOrientationPortraitUpsideDown UIInterfaceOrientationLandscapeLeft UIInterfaceOrientationLandscapeRight";
				INFOPLIST_KEY_UISupportedInterfaceOrientations_iPhone = "UIInterfaceOrientationPortrait UIInterfaceOrientationLandscapeLeft UIInterfaceOrientationLandscapeRight";
				LD_RUNPATH_SEARCH_PATHS = (
					"$(inherited)",
					"@executable_path/Frameworks",
				);
				MARKETING_VERSION = 1.0;
				PRODUCT_BUNDLE_IDENTIFIER = com.actdigital.CarrefourTest;
				PRODUCT_NAME = "$(TARGET_NAME)";
				SWIFT_EMIT_LOC_STRINGS = YES;
				SWIFT_VERSION = 5.0;
				TARGETED_DEVICE_FAMILY = "1,2";
			};
			name = Release;
		};
		B7C45D342A0D85CA00538DC9 /* Debug */ = {
			isa = XCBuildConfiguration;
			buildSettings = {
				ALWAYS_EMBED_SWIFT_STANDARD_LIBRARIES = YES;
				BUNDLE_LOADER = "$(TEST_HOST)";
				CODE_SIGN_STYLE = Automatic;
				CURRENT_PROJECT_VERSION = 1;
				DEVELOPMENT_TEAM = 9QCEA3X339;
				GENERATE_INFOPLIST_FILE = YES;
				IPHONEOS_DEPLOYMENT_TARGET = 16.2;
				MARKETING_VERSION = 1.0;
				PRODUCT_BUNDLE_IDENTIFIER = com.actdigital.CarrefourTestTests;
				PRODUCT_NAME = "$(TARGET_NAME)";
				SWIFT_EMIT_LOC_STRINGS = NO;
				SWIFT_VERSION = 5.0;
				TARGETED_DEVICE_FAMILY = "1,2";
				TEST_HOST = "$(BUILT_PRODUCTS_DIR)/CarrefourTest.app/$(BUNDLE_EXECUTABLE_FOLDER_PATH)/CarrefourTest";
			};
			name = Debug;
		};
		B7C45D352A0D85CA00538DC9 /* Release */ = {
			isa = XCBuildConfiguration;
			buildSettings = {
				ALWAYS_EMBED_SWIFT_STANDARD_LIBRARIES = YES;
				BUNDLE_LOADER = "$(TEST_HOST)";
				CODE_SIGN_STYLE = Automatic;
				CURRENT_PROJECT_VERSION = 1;
				DEVELOPMENT_TEAM = 9QCEA3X339;
				GENERATE_INFOPLIST_FILE = YES;
				IPHONEOS_DEPLOYMENT_TARGET = 16.2;
				MARKETING_VERSION = 1.0;
				PRODUCT_BUNDLE_IDENTIFIER = com.actdigital.CarrefourTestTests;
				PRODUCT_NAME = "$(TARGET_NAME)";
				SWIFT_EMIT_LOC_STRINGS = NO;
				SWIFT_VERSION = 5.0;
				TARGETED_DEVICE_FAMILY = "1,2";
				TEST_HOST = "$(BUILT_PRODUCTS_DIR)/CarrefourTest.app/$(BUNDLE_EXECUTABLE_FOLDER_PATH)/CarrefourTest";
			};
			name = Release;
		};
/* End XCBuildConfiguration section */

/* Begin XCConfigurationList section */
		B7C45D012A0D85C700538DC9 /* Build configuration list for PBXProject "CarrefourTest" */ = {
			isa = XCConfigurationList;
			buildConfigurations = (
				B7C45D2E2A0D85CA00538DC9 /* Debug */,
				B7C45D2F2A0D85CA00538DC9 /* Release */,
			);
			defaultConfigurationIsVisible = 0;
			defaultConfigurationName = Release;
		};
		B7C45D302A0D85CA00538DC9 /* Build configuration list for PBXNativeTarget "CarrefourTest" */ = {
			isa = XCConfigurationList;
			buildConfigurations = (
				B7C45D312A0D85CA00538DC9 /* Debug */,
				B7C45D322A0D85CA00538DC9 /* Release */,
			);
			defaultConfigurationIsVisible = 0;
			defaultConfigurationName = Release;
		};
		B7C45D332A0D85CA00538DC9 /* Build configuration list for PBXNativeTarget "CarrefourTestTests" */ = {
			isa = XCConfigurationList;
			buildConfigurations = (
				B7C45D342A0D85CA00538DC9 /* Debug */,
				B7C45D352A0D85CA00538DC9 /* Release */,
			);
			defaultConfigurationIsVisible = 0;
			defaultConfigurationName = Release;
		};
/* End XCConfigurationList section */
	};
	rootObject = B7C45CFE2A0D85C700538DC9 /* Project object */;
}
